// !$*UTF8*$!
{
	archiveVersion = 1;
	classes = {
	};
	objectVersion = 48;
	objects = {

/* Begin PBXBuildFile section */
		8F089AA2200BA0AE0066F113 /* AppDelegate.swift in Sources */ = {isa = PBXBuildFile; fileRef = 8F089AA1200BA0AE0066F113 /* AppDelegate.swift */; };
		8F089AA7200BA0AE0066F113 /* Main.storyboard in Resources */ = {isa = PBXBuildFile; fileRef = 8F089AA5200BA0AE0066F113 /* Main.storyboard */; };
		8F089AA9200BA0AE0066F113 /* Assets.xcassets in Resources */ = {isa = PBXBuildFile; fileRef = 8F089AA8200BA0AE0066F113 /* Assets.xcassets */; };
		8F089AAC200BA0AE0066F113 /* LaunchScreen.storyboard in Resources */ = {isa = PBXBuildFile; fileRef = 8F089AAA200BA0AE0066F113 /* LaunchScreen.storyboard */; };
		8F3340E42024F66D00163A13 /* UUIDKey.swift in Sources */ = {isa = PBXBuildFile; fileRef = 8F3340E32024F66D00163A13 /* UUIDKey.swift */; };
		8F348E88200E17530004A6DF /* Books.swift in Sources */ = {isa = PBXBuildFile; fileRef = 8F348E87200E17530004A6DF /* Books.swift */; };
		8F348E8A200E1F460004A6DF /* BookCollectionViewCell.swift in Sources */ = {isa = PBXBuildFile; fileRef = 8F348E89200E1F460004A6DF /* BookCollectionViewCell.swift */; };
		8F63EB65200BAD2300BEBC46 /* CoreBluetooth.framework in Frameworks */ = {isa = PBXBuildFile; fileRef = 8F63EB64200BAD2300BEBC46 /* CoreBluetooth.framework */; };
		8F63EB67200BAE9D00BEBC46 /* BLEDevicesViewController.swift in Sources */ = {isa = PBXBuildFile; fileRef = 8F63EB66200BAE9D00BEBC46 /* BLEDevicesViewController.swift */; };
		8F63EB6D200BD67800BEBC46 /* CommunicationViewController.swift in Sources */ = {isa = PBXBuildFile; fileRef = 8F63EB6C200BD67800BEBC46 /* CommunicationViewController.swift */; };
		8F966EA620141889007B461E /* PeripheralTableViewCell.swift in Sources */ = {isa = PBXBuildFile; fileRef = 8F966EA520141889007B461E /* PeripheralTableViewCell.swift */; };
		8FDE1DEB202318E500D27152 /* BooksViewController.swift in Sources */ = {isa = PBXBuildFile; fileRef = 8FDE1DEA202318E500D27152 /* BooksViewController.swift */; };
/* End PBXBuildFile section */

/* Begin PBXFileReference section */
		8F089A9E200BA0AE0066F113 /* Robateria.app */ = {isa = PBXFileReference; explicitFileType = wrapper.application; includeInIndex = 0; path = Robateria.app; sourceTree = BUILT_PRODUCTS_DIR; };
		8F089AA1200BA0AE0066F113 /* AppDelegate.swift */ = {isa = PBXFileReference; lastKnownFileType = sourcecode.swift; path = AppDelegate.swift; sourceTree = "<group>"; };
		8F089AA6200BA0AE0066F113 /* Base */ = {isa = PBXFileReference; lastKnownFileType = file.storyboard; name = Base; path = Base.lproj/Main.storyboard; sourceTree = "<group>"; };
		8F089AA8200BA0AE0066F113 /* Assets.xcassets */ = {isa = PBXFileReference; lastKnownFileType = folder.assetcatalog; path = Assets.xcassets; sourceTree = "<group>"; };
		8F089AAB200BA0AE0066F113 /* Base */ = {isa = PBXFileReference; lastKnownFileType = file.storyboard; name = Base; path = Base.lproj/LaunchScreen.storyboard; sourceTree = "<group>"; };
		8F089AAD200BA0AE0066F113 /* Info.plist */ = {isa = PBXFileReference; lastKnownFileType = text.plist.xml; path = Info.plist; sourceTree = "<group>"; };
		8F3340E32024F66D00163A13 /* UUIDKey.swift */ = {isa = PBXFileReference; fileEncoding = 4; lastKnownFileType = sourcecode.swift; path = UUIDKey.swift; sourceTree = "<group>"; };
		8F348E87200E17530004A6DF /* Books.swift */ = {isa = PBXFileReference; lastKnownFileType = sourcecode.swift; path = Books.swift; sourceTree = "<group>"; };
		8F348E89200E1F460004A6DF /* BookCollectionViewCell.swift */ = {isa = PBXFileReference; lastKnownFileType = sourcecode.swift; path = BookCollectionViewCell.swift; sourceTree = "<group>"; };
		8F63EB64200BAD2300BEBC46 /* CoreBluetooth.framework */ = {isa = PBXFileReference; lastKnownFileType = wrapper.framework; name = CoreBluetooth.framework; path = System/Library/Frameworks/CoreBluetooth.framework; sourceTree = SDKROOT; };
		8F63EB66200BAE9D00BEBC46 /* BLEDevicesViewController.swift */ = {isa = PBXFileReference; lastKnownFileType = sourcecode.swift; path = BLEDevicesViewController.swift; sourceTree = "<group>"; };
		8F63EB6C200BD67800BEBC46 /* CommunicationViewController.swift */ = {isa = PBXFileReference; lastKnownFileType = sourcecode.swift; path = CommunicationViewController.swift; sourceTree = "<group>"; };
		8F966EA520141889007B461E /* PeripheralTableViewCell.swift */ = {isa = PBXFileReference; lastKnownFileType = sourcecode.swift; name = PeripheralTableViewCell.swift; path = "../../../Basic-Chat-master/Basic Chat/PeripheralTableViewCell.swift"; sourceTree = "<group>"; };
		8FDE1DEA202318E500D27152 /* BooksViewController.swift */ = {isa = PBXFileReference; lastKnownFileType = sourcecode.swift; path = BooksViewController.swift; sourceTree = "<group>"; };
/* End PBXFileReference section */

/* Begin PBXFrameworksBuildPhase section */
		8F089A9B200BA0AE0066F113 /* Frameworks */ = {
			isa = PBXFrameworksBuildPhase;
			buildActionMask = 2147483647;
			files = (
				8F63EB65200BAD2300BEBC46 /* CoreBluetooth.framework in Frameworks */,
			);
			runOnlyForDeploymentPostprocessing = 0;
		};
/* End PBXFrameworksBuildPhase section */

/* Begin PBXGroup section */
		8F089A95200BA0AE0066F113 = {
			isa = PBXGroup;
			children = (
				8F089AA0200BA0AE0066F113 /* Robateria */,
				8F089A9F200BA0AE0066F113 /* Products */,
				8F63EB63200BAD2300BEBC46 /* Frameworks */,
			);
			sourceTree = "<group>";
		};
		8F089A9F200BA0AE0066F113 /* Products */ = {
			isa = PBXGroup;
			children = (
				8F089A9E200BA0AE0066F113 /* Robateria.app */,
			);
			name = Products;
			sourceTree = "<group>";
		};
		8F089AA0200BA0AE0066F113 /* Robateria */ = {
			isa = PBXGroup;
			children = (
				8F966EAA20141902007B461E /* Books */,
				8F966EA02014186F007B461E /* BLE */,
				8F966EA9201418F2007B461E /* Wifi */,
				8F089AA8200BA0AE0066F113 /* Assets.xcassets */,
				8F089AA1200BA0AE0066F113 /* AppDelegate.swift */,
				8F089AA5200BA0AE0066F113 /* Main.storyboard */,
				8F089AAA200BA0AE0066F113 /* LaunchScreen.storyboard */,
				8F089AAD200BA0AE0066F113 /* Info.plist */,
			);
			path = Robateria;
			sourceTree = "<group>";
		};
		8F63EB63200BAD2300BEBC46 /* Frameworks */ = {
			isa = PBXGroup;
			children = (
				8F63EB64200BAD2300BEBC46 /* CoreBluetooth.framework */,
			);
			name = Frameworks;
			sourceTree = "<group>";
		};
		8F966EA02014186F007B461E /* BLE */ = {
			isa = PBXGroup;
			children = (
				8F966EA520141889007B461E /* PeripheralTableViewCell.swift */,
				8F63EB66200BAE9D00BEBC46 /* BLEDevicesViewController.swift */,
				8F3340E32024F66D00163A13 /* UUIDKey.swift */,
				8F63EB6C200BD67800BEBC46 /* CommunicationViewController.swift */,
			);
			path = BLE;
			sourceTree = "<group>";
		};
		8F966EA9201418F2007B461E /* Wifi */ = {
			isa = PBXGroup;
			children = (
				8FDE1DEA202318E500D27152 /* BooksViewController.swift */,
			);
			path = Wifi;
			sourceTree = "<group>";
		};
		8F966EAA20141902007B461E /* Books */ = {
			isa = PBXGroup;
			children = (
				8F348E87200E17530004A6DF /* Books.swift */,
				8F348E89200E1F460004A6DF /* BookCollectionViewCell.swift */,
			);
			path = Books;
			sourceTree = "<group>";
		};
/* End PBXGroup section */

/* Begin PBXNativeTarget section */
		8F089A9D200BA0AE0066F113 /* Robateria */ = {
			isa = PBXNativeTarget;
			buildConfigurationList = 8F089AB0200BA0AE0066F113 /* Build configuration list for PBXNativeTarget "Robateria" */;
			buildPhases = (
				8F089A9A200BA0AE0066F113 /* Sources */,
				8F089A9B200BA0AE0066F113 /* Frameworks */,
				8F089A9C200BA0AE0066F113 /* Resources */,
			);
			buildRules = (
			);
			dependencies = (
			);
			name = Robateria;
			productName = Robateria;
			productReference = 8F089A9E200BA0AE0066F113 /* Robateria.app */;
			productType = "com.apple.product-type.application";
		};
/* End PBXNativeTarget section */

/* Begin PBXProject section */
		8F089A96200BA0AE0066F113 /* Project object */ = {
			isa = PBXProject;
			attributes = {
				LastSwiftUpdateCheck = 0920;
				LastUpgradeCheck = 0920;
				ORGANIZATIONNAME = "Korbinian Baumer";
				TargetAttributes = {
					8F089A9D200BA0AE0066F113 = {
						CreatedOnToolsVersion = 9.2;
						ProvisioningStyle = Automatic;
					};
				};
			};
			buildConfigurationList = 8F089A99200BA0AE0066F113 /* Build configuration list for PBXProject "Robateria" */;
			compatibilityVersion = "Xcode 8.0";
			developmentRegion = en;
			hasScannedForEncodings = 0;
			knownRegions = (
				en,
				Base,
			);
			mainGroup = 8F089A95200BA0AE0066F113;
			productRefGroup = 8F089A9F200BA0AE0066F113 /* Products */;
			projectDirPath = "";
			projectRoot = "";
			targets = (
				8F089A9D200BA0AE0066F113 /* Robateria */,
			);
		};
/* End PBXProject section */

/* Begin PBXResourcesBuildPhase section */
		8F089A9C200BA0AE0066F113 /* Resources */ = {
			isa = PBXResourcesBuildPhase;
			buildActionMask = 2147483647;
			files = (
				8F089AAC200BA0AE0066F113 /* LaunchScreen.storyboard in Resources */,
				8F089AA9200BA0AE0066F113 /* Assets.xcassets in Resources */,
				8F089AA7200BA0AE0066F113 /* Main.storyboard in Resources */,
			);
			runOnlyForDeploymentPostprocessing = 0;
		};
/* End PBXResourcesBuildPhase section */

/* Begin PBXSourcesBuildPhase section */
		8F089A9A200BA0AE0066F113 /* Sources */ = {
			isa = PBXSourcesBuildPhase;
			buildActionMask = 2147483647;
			files = (
				8F3340E42024F66D00163A13 /* UUIDKey.swift in Sources */,
				8F63EB67200BAE9D00BEBC46 /* BLEDevicesViewController.swift in Sources */,
				8F348E8A200E1F460004A6DF /* BookCollectionViewCell.swift in Sources */,
				8F089AA2200BA0AE0066F113 /* AppDelegate.swift in Sources */,
				8F348E88200E17530004A6DF /* Books.swift in Sources */,
				8F63EB6D200BD67800BEBC46 /* CommunicationViewController.swift in Sources */,
				8F966EA620141889007B461E /* PeripheralTableViewCell.swift in Sources */,
				8FDE1DEB202318E500D27152 /* BooksViewController.swift in Sources */,
			);
			runOnlyForDeploymentPostprocessing = 0;
		};
/* End PBXSourcesBuildPhase section */

/* Begin PBXVariantGroup section */
		8F089AA5200BA0AE0066F113 /* Main.storyboard */ = {
			isa = PBXVariantGroup;
			children = (
				8F089AA6200BA0AE0066F113 /* Base */,
			);
			name = Main.storyboard;
			sourceTree = "<group>";
		};
		8F089AAA200BA0AE0066F113 /* LaunchScreen.storyboard */ = {
			isa = PBXVariantGroup;
			children = (
				8F089AAB200BA0AE0066F113 /* Base */,
			);
			name = LaunchScreen.storyboard;
			sourceTree = "<group>";
		};
/* End PBXVariantGroup section */

/* Begin XCBuildConfiguration section */
		8F089AAE200BA0AE0066F113 /* Debug */ = {
			isa = XCBuildConfiguration;
			buildSettings = {
				ALWAYS_SEARCH_USER_PATHS = NO;
				CLANG_ANALYZER_NONNULL = YES;
				CLANG_ANALYZER_NUMBER_OBJECT_CONVERSION = YES_AGGRESSIVE;
				CLANG_CXX_LANGUAGE_STANDARD = "gnu++14";
				CLANG_CXX_LIBRARY = "libc++";
				CLANG_ENABLE_MODULES = YES;
				CLANG_ENABLE_OBJC_ARC = YES;
				CLANG_WARN_BLOCK_CAPTURE_AUTORELEASING = YES;
				CLANG_WARN_BOOL_CONVERSION = YES;
				CLANG_WARN_COMMA = YES;
				CLANG_WARN_CONSTANT_CONVERSION = YES;
				CLANG_WARN_DIRECT_OBJC_ISA_USAGE = YES_ERROR;
				CLANG_WARN_DOCUMENTATION_COMMENTS = YES;
				CLANG_WARN_EMPTY_BODY = YES;
				CLANG_WARN_ENUM_CONVERSION = YES;
				CLANG_WARN_INFINITE_RECURSION = YES;
				CLANG_WARN_INT_CONVERSION = YES;
				CLANG_WARN_NON_LITERAL_NULL_CONVERSION = YES;
				CLANG_WARN_OBJC_LITERAL_CONVERSION = YES;
				CLANG_WARN_OBJC_ROOT_CLASS = YES_ERROR;
				CLANG_WARN_RANGE_LOOP_ANALYSIS = YES;
				CLANG_WARN_STRICT_PROTOTYPES = YES;
				CLANG_WARN_SUSPICIOUS_MOVE = YES;
				CLANG_WARN_UNGUARDED_AVAILABILITY = YES_AGGRESSIVE;
				CLANG_WARN_UNREACHABLE_CODE = YES;
				CLANG_WARN__DUPLICATE_METHOD_MATCH = YES;
				CODE_SIGN_IDENTITY = "iPhone Developer";
				COPY_PHASE_STRIP = NO;
				DEBUG_INFORMATION_FORMAT = dwarf;
				ENABLE_STRICT_OBJC_MSGSEND = YES;
				ENABLE_TESTABILITY = YES;
				GCC_C_LANGUAGE_STANDARD = gnu11;
				GCC_DYNAMIC_NO_PIC = NO;
				GCC_NO_COMMON_BLOCKS = YES;
				GCC_OPTIMIZATION_LEVEL = 0;
				GCC_PREPROCESSOR_DEFINITIONS = (
					"DEBUG=1",
					"$(inherited)",
				);
				GCC_WARN_64_TO_32_BIT_CONVERSION = YES;
				GCC_WARN_ABOUT_RETURN_TYPE = YES_ERROR;
				GCC_WARN_UNDECLARED_SELECTOR = YES;
				GCC_WARN_UNINITIALIZED_AUTOS = YES_AGGRESSIVE;
				GCC_WARN_UNUSED_FUNCTION = YES;
				GCC_WARN_UNUSED_VARIABLE = YES;
				IPHONEOS_DEPLOYMENT_TARGET = 11.2;
				MTL_ENABLE_DEBUG_INFO = YES;
				ONLY_ACTIVE_ARCH = YES;
				SDKROOT = iphoneos;
				SWIFT_ACTIVE_COMPILATION_CONDITIONS = DEBUG;
				SWIFT_OPTIMIZATION_LEVEL = "-Onone";
			};
			name = Debug;
		};
		8F089AAF200BA0AE0066F113 /* Release */ = {
			isa = XCBuildConfiguration;
			buildSettings = {
				ALWAYS_SEARCH_USER_PATHS = NO;
				CLANG_ANALYZER_NONNULL = YES;
				CLANG_ANALYZER_NUMBER_OBJECT_CONVERSION = YES_AGGRESSIVE;
				CLANG_CXX_LANGUAGE_STANDARD = "gnu++14";
				CLANG_CXX_LIBRARY = "libc++";
				CLANG_ENABLE_MODULES = YES;
				CLANG_ENABLE_OBJC_ARC = YES;
				CLANG_WARN_BLOCK_CAPTURE_AUTORELEASING = YES;
				CLANG_WARN_BOOL_CONVERSION = YES;
				CLANG_WARN_COMMA = YES;
				CLANG_WARN_CONSTANT_CONVERSION = YES;
				CLANG_WARN_DIRECT_OBJC_ISA_USAGE = YES_ERROR;
				CLANG_WARN_DOCUMENTATION_COMMENTS = YES;
				CLANG_WARN_EMPTY_BODY = YES;
				CLANG_WARN_ENUM_CONVERSION = YES;
				CLANG_WARN_INFINITE_RECURSION = YES;
				CLANG_WARN_INT_CONVERSION = YES;
				CLANG_WARN_NON_LITERAL_NULL_CONVERSION = YES;
				CLANG_WARN_OBJC_LITERAL_CONVERSION = YES;
				CLANG_WARN_OBJC_ROOT_CLASS = YES_ERROR;
				CLANG_WARN_RANGE_LOOP_ANALYSIS = YES;
				CLANG_WARN_STRICT_PROTOTYPES = YES;
				CLANG_WARN_SUSPICIOUS_MOVE = YES;
				CLANG_WARN_UNGUARDED_AVAILABILITY = YES_AGGRESSIVE;
				CLANG_WARN_UNREACHABLE_CODE = YES;
				CLANG_WARN__DUPLICATE_METHOD_MATCH = YES;
				CODE_SIGN_IDENTITY = "iPhone Developer";
				COPY_PHASE_STRIP = NO;
				DEBUG_INFORMATION_FORMAT = "dwarf-with-dsym";
				ENABLE_NS_ASSERTIONS = NO;
				ENABLE_STRICT_OBJC_MSGSEND = YES;
				GCC_C_LANGUAGE_STANDARD = gnu11;
				GCC_NO_COMMON_BLOCKS = YES;
				GCC_WARN_64_TO_32_BIT_CONVERSION = YES;
				GCC_WARN_ABOUT_RETURN_TYPE = YES_ERROR;
				GCC_WARN_UNDECLARED_SELECTOR = YES;
				GCC_WARN_UNINITIALIZED_AUTOS = YES_AGGRESSIVE;
				GCC_WARN_UNUSED_FUNCTION = YES;
				GCC_WARN_UNUSED_VARIABLE = YES;
				IPHONEOS_DEPLOYMENT_TARGET = 11.2;
				MTL_ENABLE_DEBUG_INFO = NO;
				SDKROOT = iphoneos;
				SWIFT_OPTIMIZATION_LEVEL = "-Owholemodule";
				VALIDATE_PRODUCT = YES;
			};
			name = Release;
		};
		8F089AB1200BA0AE0066F113 /* Debug */ = {
			isa = XCBuildConfiguration;
			buildSettings = {
				ASSETCATALOG_COMPILER_APPICON_NAME = AppIcon;
				CODE_SIGN_STYLE = Automatic;
				DEVELOPMENT_TEAM = 3C48UHCDSY;
				INFOPLIST_FILE = Robateria/Info.plist;
				LD_RUNPATH_SEARCH_PATHS = "$(inherited) @executable_path/Frameworks";
				PRODUCT_BUNDLE_IDENTIFIER = KorbinianBaumer.Robateria;
				PRODUCT_NAME = "$(TARGET_NAME)";
				SWIFT_VERSION = 4.0;
				TARGETED_DEVICE_FAMILY = 1;
			};
			name = Debug;
		};
		8F089AB2200BA0AE0066F113 /* Release */ = {
			isa = XCBuildConfiguration;
			buildSettings = {
				ASSETCATALOG_COMPILER_APPICON_NAME = AppIcon;
				CODE_SIGN_STYLE = Automatic;
				DEVELOPMENT_TEAM = 3C48UHCDSY;
				INFOPLIST_FILE = Robateria/Info.plist;
				LD_RUNPATH_SEARCH_PATHS = "$(inherited) @executable_path/Frameworks";
				PRODUCT_BUNDLE_IDENTIFIER = KorbinianBaumer.Robateria;
				PRODUCT_NAME = "$(TARGET_NAME)";
				SWIFT_VERSION = 4.0;
				TARGETED_DEVICE_FAMILY = 1;
			};
			name = Release;
		};
/* End XCBuildConfiguration section */

/* Begin XCConfigurationList section */
		8F089A99200BA0AE0066F113 /* Build configuration list for PBXProject "Robateria" */ = {
			isa = XCConfigurationList;
			buildConfigurations = (
				8F089AAE200BA0AE0066F113 /* Debug */,
				8F089AAF200BA0AE0066F113 /* Release */,
			);
			defaultConfigurationIsVisible = 0;
			defaultConfigurationName = Release;
		};
		8F089AB0200BA0AE0066F113 /* Build configuration list for PBXNativeTarget "Robateria" */ = {
			isa = XCConfigurationList;
			buildConfigurations = (
				8F089AB1200BA0AE0066F113 /* Debug */,
				8F089AB2200BA0AE0066F113 /* Release */,
			);
			defaultConfigurationIsVisible = 0;
			defaultConfigurationName = Release;
		};
/* End XCConfigurationList section */
	};
	rootObject = 8F089A96200BA0AE0066F113 /* Project object */;
}
